{
  "name": "php",
  "version": "1.0.0",
  "lockfileVersion": 3,
  "requires": true,
  "packages": {
    "": {
      "name": "php",
      "version": "1.0.0",
      "license": "ISC",
      "dependencies": {
        "@fortawesome/fontawesome-free": "^6.7.2",
        "bootstrap": "^5.3.6",
        "datatables.net-bs5": "^2.3.0",
        "datatables.net-buttons-dt": "^3.2.3",
        "ldrs": "^1.1.7",
        "sweetalert2": "^11.21.0",
        "validator": "^13.15.0"
      }
    },
    "node_modules/@fortawesome/fontawesome-free": {
      "version": "6.7.2",
      "resolved": "https://registry.npmjs.org/@fortawesome/fontawesome-free/-/fontawesome-free-6.7.2.tgz",
      "integrity": "sha512-JUOtgFW6k9u4Y+xeIaEiLr3+cjoUPiAuLXoyKOJSia6Duzb7pq+A76P9ZdPDoAoxHdHzq6gE9/jKBGXlZT8FbA==",
      "license": "(CC-BY-4.0 AND OFL-1.1 AND MIT)",
      "engines": {
        "node": ">=6"
      }
    },
    "node_modules/@popperjs/core": {
      "version": "2.11.8",
      "resolved": "https://registry.npmjs.org/@popperjs/core/-/core-2.11.8.tgz",
      "integrity": "sha512-P1st0aksCrn9sGZhp8GMYwBnQsbvAWsZAX44oXNNvLHGqAOcoVxmjZiohstwQ7SqKnbR47akdNi+uleWD8+g6A==",
      "license": "MIT",
      "peer": true,
      "funding": {
        "type": "opencollective",
        "url": "https://opencollective.com/popperjs"
      }
    },
    "node_modules/bootstrap": {
      "version": "5.3.6",
      "resolved": "https://registry.npmjs.org/bootstrap/-/bootstrap-5.3.6.tgz",
      "integrity": "sha512-jX0GAcRzvdwISuvArXn3m7KZscWWFAf1MKBcnzaN02qWMb3jpMoUX4/qgeiGzqyIb4ojulRzs89UCUmGcFSzTA==",
      "funding": [
        {
          "type": "github",
          "url": "https://github.com/sponsors/twbs"
        },
        {
          "type": "opencollective",
          "url": "https://opencollective.com/bootstrap"
        }
      ],
      "license": "MIT",
      "peerDependencies": {
        "@popperjs/core": "^2.11.8"
      }
    },
    "node_modules/datatables.net": {
      "version": "2.3.0",
      "resolved": "https://registry.npmjs.org/datatables.net/-/datatables.net-2.3.0.tgz",
      "integrity": "sha512-IX5Dsc7bTNqI3RyT4B7imtFicLMCg7ZLwwx/gvR6cbwYgfG+mLX2KAVm7BNmnwOhUdMMcGSGSE19RpTn31TTGQ==",
      "license": "MIT",
      "dependencies": {
        "jquery": ">=1.7"
      }
    },
    "node_modules/datatables.net-bs5": {
      "version": "2.3.0",
      "resolved": "https://registry.npmjs.org/datatables.net-bs5/-/datatables.net-bs5-2.3.0.tgz",
      "integrity": "sha512-JvcYrf2kEVzHY7NKsJxV132kehhc5+iRIpZAYmYqSW52yCcMiQYWtw1Z4+Wb/FMbJDQwP9exCtTwroLYPKwkeQ==",
      "license": "MIT",
      "dependencies": {
        "datatables.net": "2.3.0",
        "jquery": ">=1.7"
      }
    },
    "node_modules/datatables.net-buttons": {
      "version": "3.2.3",
      "resolved": "https://registry.npmjs.org/datatables.net-buttons/-/datatables.net-buttons-3.2.3.tgz",
      "integrity": "sha512-K+WeQWUYVGe5c3Gwb8Gfi7YpUXbJEerik3B2vynnVKpBlYBF5AHTGbrK1Psek2q/mjxeIVNHafQ9eX2otLhJVw==",
      "license": "MIT",
      "dependencies": {
        "datatables.net": "^2",
        "jquery": ">=1.7"
      }
    },
    "node_modules/datatables.net-buttons-dt": {
      "version": "3.2.3",
      "resolved": "https://registry.npmjs.org/datatables.net-buttons-dt/-/datatables.net-buttons-dt-3.2.3.tgz",
      "integrity": "sha512-9b/W8u7pkFdCz5IIexbjR7y/YsFf6Opkx3kOkWyx/rWOXhW/vJXN9rZwKo0cICk7xkOyxnIP70XzelwfnnEo0A==",
      "license": "MIT",
      "dependencies": {
        "datatables.net-buttons": "3.2.3",
        "datatables.net-dt": "^2",
        "jquery": ">=1.7"
      }
    },
    "node_modules/datatables.net-dt": {
      "version": "2.3.0",
      "resolved": "https://registry.npmjs.org/datatables.net-dt/-/datatables.net-dt-2.3.0.tgz",
      "integrity": "sha512-A2i2rt6b6VQ7ZwbuKpS3NbSy7EDfL65etpCm15vJ5Dk6Qv0OVr//xacTKgkJ7YFWCs32juloQ2vlnVIlGH7qfw==",
      "license": "MIT",
      "dependencies": {
        "datatables.net": "2.3.0",
        "jquery": ">=1.7"
      }
    },
    "node_modules/jquery": {
      "version": "3.7.1",
      "resolved": "https://registry.npmjs.org/jquery/-/jquery-3.7.1.tgz",
      "integrity": "sha512-m4avr8yL8kmFN8psrbFFFmB/If14iN5o9nw/NgnnM+kybDJpRsAynV2BsfpTYrTRysYUdADVD7CkUUizgkpLfg==",
      "license": "MIT"
    },
    "node_modules/ldrs": {
      "version": "1.1.7",
      "resolved": "https://registry.npmjs.org/ldrs/-/ldrs-1.1.7.tgz",
      "integrity": "sha512-rZnfveeY1SeS3F3ifUVd9AVGTFHmQ0qzp5fuszAirnrVkjqJBLrm99vtr/Mxbby4XgadUYv+DsFqyk2p4FV40Q==",
      "license": "MIT"
    },
    "node_modules/sweetalert2": {
      "version": "11.21.0",
      "resolved": "https://registry.npmjs.org/sweetalert2/-/sweetalert2-11.21.0.tgz",
      "integrity": "sha512-fiEK7SqRY/QD/wC2uqEHlfYGZ7qe2UcyQbJpbpj4YRVqplBgcI+euPZLZL+evLINcvbtXmL1SFUdZHKqBHGAAQ==",
      "license": "MIT",
      "funding": {
        "type": "individual",
        "url": "https://github.com/sponsors/limonte"
      }
    },
    "node_modules/validator": {
      "version": "13.15.0",
      "resolved": "https://registry.npmjs.org/validator/-/validator-13.15.0.tgz",
      "integrity": "sha512-36B2ryl4+oL5QxZ3AzD0t5SsMNGvTtQHpjgFO5tbNxfXbMFkY822ktCDe1MnlqV3301QQI9SLHDNJokDI+Z9pA==",
      "license": "MIT",
      "engines": {
        "node": ">= 0.10"
      }
    }
  }
}
